Microsoft Visual Studio Solution File, Format Version 12.00
# Visual Studio Version 17
VisualStudioVersion = 17.14.35821.62 d17.14
MinimumVisualStudioVersion = 10.0.40219.1
Project("{FAE04EC0-301F-11D3-BF4B-00C04F79EFBC}") = "FeedbackApp.AppHost", "FeedbackApp.AppHost\FeedbackApp.AppHost.csproj", "{6736D09B-1FAF-4D68-B832-CA10D7589895}"
EndProject
Project("{FAE04EC0-301F-11D3-BF4B-00C04F79EFBC}") = "FeedbackApp.ServiceDefaults", "FeedbackApp.ServiceDefaults\FeedbackApp.ServiceDefaults.csproj", "{43BF860A-7852-D53F-6A3F-1D956AE229B3}"
EndProject
Project("{FAE04EC0-301F-11D3-BF4B-00C04F79EFBC}") = "FeedbackApp.ApiService", "FeedbackApp.ApiService\FeedbackApp.ApiService.csproj", "{F891EB29-1DF7-F6A2-5678-861FD5665751}"
EndProject
Project("{FAE04EC0-301F-11D3-BF4B-00C04F79EFBC}") = "FeedbackApp.Tests", "FeedbackApp.Tests\FeedbackApp.Tests.csproj", "{2C6CACD4-0863-9048-DBD2-72320EF0B5BE}"
EndProject
Global
	GlobalSection(SolutionConfigurationPlatforms) = preSolution
		Debug|Any CPU = Debug|Any CPU
		Release|Any CPU = Release|Any CPU
	EndGlobalSection
	GlobalSection(ProjectConfigurationPlatforms) = postSolution
		{6736D09B-1FAF-4D68-B832-CA10D7589895}.Debug|Any CPU.ActiveCfg = Debug|Any CPU
		{6736D09B-1FAF-4D68-B832-CA10D7589895}.Debug|Any CPU.Build.0 = Debug|Any CPU
		{6736D09B-1FAF-4D68-B832-CA10D7589895}.Release|Any CPU.ActiveCfg = Release|Any CPU
		{6736D09B-1FAF-4D68-B832-CA10D7589895}.Release|Any CPU.Build.0 = Release|Any CPU
		{43BF860A-7852-D53F-6A3F-1D956AE229B3}.Debug|Any CPU.ActiveCfg = Debug|Any CPU
		{43BF860A-7852-D53F-6A3F-1D956AE229B3}.Debug|Any CPU.Build.0 = Debug|Any CPU
		{43BF860A-7852-D53F-6A3F-1D956AE229B3}.Release|Any CPU.ActiveCfg = Release|Any CPU
		{43BF860A-7852-D53F-6A3F-1D956AE229B3}.Release|Any CPU.Build.0 = Release|Any CPU
		{F891EB29-1DF7-F6A2-5678-861FD5665751}.Debug|Any CPU.ActiveCfg = Debug|Any CPU
		{F891EB29-1DF7-F6A2-5678-861FD5665751}.Debug|Any CPU.Build.0 = Debug|Any CPU
		{F891EB29-1DF7-F6A2-5678-861FD5665751}.Release|Any CPU.ActiveCfg = Release|Any CPU
		{F891EB29-1DF7-F6A2-5678-861FD5665751}.Release|Any CPU.Build.0 = Release|Any CPU
		{2C6CACD4-0863-9048-DBD2-72320EF0B5BE}.Debug|Any CPU.ActiveCfg = Debug|Any CPU
		{2C6CACD4-0863-9048-DBD2-72320EF0B5BE}.Debug|Any CPU.Build.0 = Debug|Any CPU
		{2C6CACD4-0863-9048-DBD2-72320EF0B5BE}.Release|Any CPU.ActiveCfg = Release|Any CPU
		{2C6CACD4-0863-9048-DBD2-72320EF0B5BE}.Release|Any CPU.Build.0 = Release|Any CPU
	EndGlobalSection
	GlobalSection(SolutionProperties) = preSolution
		HideSolutionNode = FALSE
	EndGlobalSection
	GlobalSection(ExtensibilityGlobals) = postSolution
		SolutionGuid = {8CD0F89A-7812-42E4-A3E6-D049BBD6841D}
	EndGlobalSection
EndGlobal
